
Microsoft Visual Studio Solution File, Format Version 12.00
# Visual Studio Version 17
VisualStudioVersion = 17.14.36109.1 d17.14
MinimumVisualStudioVersion = 10.0.40219.1
Project("{FAE04EC0-301F-11D3-BF4B-00C04F79EFBC}") = "Queue", "Queue\Queue.csproj", "{2BC060C6-8E57-4F80-89E4-0BDD7663EF10}"
EndProject
Global
	GlobalSection(SolutionConfigurationPlatforms) = preSolution
		Debug|Any CPU = Debug|Any CPU
		Release|Any CPU = Release|Any CPU
	EndGlobalSection
	GlobalSection(ProjectConfigurationPlatforms) = postSolution
		{2BC060C6-8E57-4F80-89E4-0BDD7663EF10}.Debug|Any CPU.ActiveCfg = Debug|Any CPU
		{2BC060C6-8E57-4F80-89E4-0BDD7663EF10}.Debug|Any CPU.Build.0 = Debug|Any CPU
		{2BC060C6-8E57-4F80-89E4-0BDD7663EF10}.Release|Any CPU.ActiveCfg = Release|Any CPU
		{2BC060C6-8E57-4F80-89E4-0BDD7663EF10}.Release|Any CPU.Build.0 = Release|Any CPU
	EndGlobalSection
	GlobalSection(SolutionProperties) = preSolution
		HideSolutionNode = FALSE
	EndGlobalSection
	GlobalSection(ExtensibilityGlobals) = postSolution
		SolutionGuid = {E64218C9-4BEB-4850-B353-3B68FCCAB747}
	EndGlobalSection
EndGlobal
