
Microsoft Visual Studio Solution File, Format Version 12.00
# Visual Studio Version 17
VisualStudioVersion = 17.13.35931.197 d17.13
MinimumVisualStudioVersion = 10.0.40219.1
Project("{FAE04EC0-301F-11D3-BF4B-00C04F79EFBC}") = "pet_App", "pet_App\pet_App.csproj", "{29D75276-448A-421D-B61F-1AAF3B635595}"
EndProject
Global
	GlobalSection(SolutionConfigurationPlatforms) = preSolution
		Debug|Any CPU = Debug|Any CPU
		Release|Any CPU = Release|Any CPU
	EndGlobalSection
	GlobalSection(ProjectConfigurationPlatforms) = postSolution
		{29D75276-448A-421D-B61F-1AAF3B635595}.Debug|Any CPU.ActiveCfg = Debug|Any CPU
		{29D75276-448A-421D-B61F-1AAF3B635595}.Debug|Any CPU.Build.0 = Debug|Any CPU
		{29D75276-448A-421D-B61F-1AAF3B635595}.Release|Any CPU.ActiveCfg = Release|Any CPU
		{29D75276-448A-421D-B61F-1AAF3B635595}.Release|Any CPU.Build.0 = Release|Any CPU
	EndGlobalSection
	GlobalSection(SolutionProperties) = preSolution
		HideSolutionNode = FALSE
	EndGlobalSection
	GlobalSection(ExtensibilityGlobals) = postSolution
		SolutionGuid = {E2F6100B-949B-44E6-8F85-ED3BFA3623AA}
	EndGlobalSection
EndGlobal
