
Microsoft Visual Studio Solution File, Format Version 12.00
# Visual Studio Version 17
VisualStudioVersion = 17.14.36109.1 d17.14
MinimumVisualStudioVersion = 10.0.40219.1
Project("{FAE04EC0-301F-11D3-BF4B-00C04F79EFBC}") = "Queue", "Queue\Queue.csproj", "{F50ED4C7-B267-418A-BBAE-02482F77441F}"
EndProject
Global
	GlobalSection(SolutionConfigurationPlatforms) = preSolution
		Debug|Any CPU = Debug|Any CPU
		Release|Any CPU = Release|Any CPU
	EndGlobalSection
	GlobalSection(ProjectConfigurationPlatforms) = postSolution
		{F50ED4C7-B267-418A-BBAE-02482F77441F}.Debug|Any CPU.ActiveCfg = Debug|Any CPU
		{F50ED4C7-B267-418A-BBAE-02482F77441F}.Debug|Any CPU.Build.0 = Debug|Any CPU
		{F50ED4C7-B267-418A-BBAE-02482F77441F}.Release|Any CPU.ActiveCfg = Release|Any CPU
		{F50ED4C7-B267-418A-BBAE-02482F77441F}.Release|Any CPU.Build.0 = Release|Any CPU
	EndGlobalSection
	GlobalSection(SolutionProperties) = preSolution
		HideSolutionNode = FALSE
	EndGlobalSection
	GlobalSection(ExtensibilityGlobals) = postSolution
		SolutionGuid = {EE07FCA3-C50D-4861-A057-CF50B8BA6A72}
	EndGlobalSection
EndGlobal
